
Microsoft Visual Studio Solution File, Format Version 12.00
# Visual Studio Version 17
VisualStudioVersion = 17.7.34031.279
MinimumVisualStudioVersion = 10.0.40219.1
Project("{FAE04EC0-301F-11D3-BF4B-00C04F79EFBC}") = "AlgorithmizationAndProgramming1212", "AlgorithmizationAndProgramming1212.csproj", "{04ADB646-A414-4C8F-9509-AC9DE31CF20A}"
EndProject
Global
	GlobalSection(SolutionConfigurationPlatforms) = preSolution
		Debug|Any CPU = Debug|Any CPU
		Release|Any CPU = Release|Any CPU
	EndGlobalSection
	GlobalSection(ProjectConfigurationPlatforms) = postSolution
		{04ADB646-A414-4C8F-9509-AC9DE31CF20A}.Debug|Any CPU.ActiveCfg = Debug|Any CPU
		{04ADB646-A414-4C8F-9509-AC9DE31CF20A}.Debug|Any CPU.Build.0 = Debug|Any CPU
		{04ADB646-A414-4C8F-9509-AC9DE31CF20A}.Release|Any CPU.ActiveCfg = Release|Any CPU
		{04ADB646-A414-4C8F-9509-AC9DE31CF20A}.Release|Any CPU.Build.0 = Release|Any CPU
	EndGlobalSection
	GlobalSection(SolutionProperties) = preSolution
		HideSolutionNode = FALSE
	EndGlobalSection
	GlobalSection(ExtensibilityGlobals) = postSolution
		SolutionGuid = {89065E8D-593F-4467-AE3B-5CD486530A4A}
	EndGlobalSection
EndGlobal
