
Microsoft Visual Studio Solution File, Format Version 12.00
# Visual Studio Version 17
VisualStudioVersion = 17.7.34031.279
MinimumVisualStudioVersion = 10.0.40219.1
Project("{FAE04EC0-301F-11D3-BF4B-00C04F79EFBC}") = "AlgorithmizationAndProgramming2811", "AlgorithmizationAndProgramming2811.csproj", "{E4346BDE-C998-4374-A616-0CFF83C05878}"
EndProject
Global
	GlobalSection(SolutionConfigurationPlatforms) = preSolution
		Debug|Any CPU = Debug|Any CPU
		Release|Any CPU = Release|Any CPU
	EndGlobalSection
	GlobalSection(ProjectConfigurationPlatforms) = postSolution
		{E4346BDE-C998-4374-A616-0CFF83C05878}.Debug|Any CPU.ActiveCfg = Debug|Any CPU
		{E4346BDE-C998-4374-A616-0CFF83C05878}.Debug|Any CPU.Build.0 = Debug|Any CPU
		{E4346BDE-C998-4374-A616-0CFF83C05878}.Release|Any CPU.ActiveCfg = Release|Any CPU
		{E4346BDE-C998-4374-A616-0CFF83C05878}.Release|Any CPU.Build.0 = Release|Any CPU
	EndGlobalSection
	GlobalSection(SolutionProperties) = preSolution
		HideSolutionNode = FALSE
	EndGlobalSection
	GlobalSection(ExtensibilityGlobals) = postSolution
		SolutionGuid = {D4B97D97-FACA-4AEC-A698-B78C0967EB70}
	EndGlobalSection
EndGlobal
